
Microsoft Visual Studio Solution File, Format Version 12.00
# Visual Studio Version 16
VisualStudioVersion = 16.0.31424.327
MinimumVisualStudioVersion = 10.0.40219.1
Project("{9A19103F-16F7-4668-BE54-9A1E7A4F7556}") = "SistemaBuscador", "SistemaBuscador.csproj", "{455E01B6-6B4D-40B3-A936-ECC719D1777D}"
EndProject
Project("{FAE04EC0-301F-11D3-BF4B-00C04F79EFBC}") = "SistemaBuscador_test", "..\SistemaBuscador_test\SistemaBuscador_test.csproj", "{69DAA06C-2F83-4A6B-942B-BFC7A1FCB520}"
EndProject
Global
	GlobalSection(SolutionConfigurationPlatforms) = preSolution
		Debug|Any CPU = Debug|Any CPU
		Release|Any CPU = Release|Any CPU
	EndGlobalSection
	GlobalSection(ProjectConfigurationPlatforms) = postSolution
		{455E01B6-6B4D-40B3-A936-ECC719D1777D}.Debug|Any CPU.ActiveCfg = Debug|Any CPU
		{455E01B6-6B4D-40B3-A936-ECC719D1777D}.Debug|Any CPU.Build.0 = Debug|Any CPU
		{455E01B6-6B4D-40B3-A936-ECC719D1777D}.Release|Any CPU.ActiveCfg = Release|Any CPU
		{455E01B6-6B4D-40B3-A936-ECC719D1777D}.Release|Any CPU.Build.0 = Release|Any CPU
		{69DAA06C-2F83-4A6B-942B-BFC7A1FCB520}.Debug|Any CPU.ActiveCfg = Debug|Any CPU
		{69DAA06C-2F83-4A6B-942B-BFC7A1FCB520}.Debug|Any CPU.Build.0 = Debug|Any CPU
		{69DAA06C-2F83-4A6B-942B-BFC7A1FCB520}.Release|Any CPU.ActiveCfg = Release|Any CPU
		{69DAA06C-2F83-4A6B-942B-BFC7A1FCB520}.Release|Any CPU.Build.0 = Release|Any CPU
	EndGlobalSection
	GlobalSection(SolutionProperties) = preSolution
		HideSolutionNode = FALSE
	EndGlobalSection
	GlobalSection(ExtensibilityGlobals) = postSolution
		SolutionGuid = {8FD86CAF-11C6-4942-9557-C51409F9FCC0}
	EndGlobalSection
EndGlobal
